# This file is generated by running "yarn install" inside your project.
# Manual changes might be lost - proceed with caution!

__metadata:
  version: 8
  cacheKey: 10c0

"@faker-js/faker@npm:^9.6.0":
  version: 9.6.0
  resolution: "@faker-js/faker@npm:9.6.0"
  checksum: 10c0/57f76aba8744ac5f588bfcf55e61ab6f1b61664f0d1cd6cc9d9ae5bf9376bdb48d867487ace638bee393de126257b7fe6ebd602c9efd3346e7ee10e8643f1cdc
  languageName: node
  linkType: hard

"@kamalyb/mongoose-seed@workspace:.":
  version: 0.0.0-use.local
  resolution: "@kamalyb/mongoose-seed@workspace:."
  dependencies:
    "@faker-js/faker": "npm:^9.6.0"
    "@types/node": "npm:^22.13.17"
    mongoose: "npm:^8.13.2"
    prettier: "npm:^3.5.3"
    typescript: "npm:^5.8.2"
  languageName: unknown
  linkType: soft

"@mongodb-js/saslprep@npm:^1.1.9":
  version: 1.2.2
  resolution: "@mongodb-js/saslprep@npm:1.2.2"
  dependencies:
    sparse-bitfield: "npm:^3.0.3"
  checksum: 10c0/6ea882034fe99c6abe033d843dfa0f90fcec105ef538c04ee32aca9d2cda7cc8f2dd45c94c2dbf30f14668524ed076f7072bce857f9ee321ad5b0bc1f930c423
  languageName: node
  linkType: hard

"@types/node@npm:^22.13.17":
  version: 22.13.17
  resolution: "@types/node@npm:22.13.17"
  dependencies:
    undici-types: "npm:~6.20.0"
  checksum: 10c0/77a052fec0fe02f60557e1c5f3f28eb09cd9bee426be88328a94689150a3c0df5b4b6b69fad28157fb34521693dad0b311ecd7f613845d681ff973991310c20e
  languageName: node
  linkType: hard

"@types/webidl-conversions@npm:*":
  version: 7.0.3
  resolution: "@types/webidl-conversions@npm:7.0.3"
  checksum: 10c0/ac2ccff93b95ac7c8ca73dc6064403181691bba7ea144296f462dc9108a07be16cbad7b9c704b3df706dcc5a117e1f7bf7fb27aeb75b09c0f3148de8aee11aff
  languageName: node
  linkType: hard

"@types/whatwg-url@npm:^11.0.2":
  version: 11.0.5
  resolution: "@types/whatwg-url@npm:11.0.5"
  dependencies:
    "@types/webidl-conversions": "npm:*"
  checksum: 10c0/7a9b9252dee98df6db1ad62337daca7f59ae50d7a3406d14ac6b57168d406004359994f3371155e24f3cf12002c4cb8bbb0883bd4cefb9d7ee8e2b510bdd7f5e
  languageName: node
  linkType: hard

"bson@npm:^6.10.3":
  version: 6.10.3
  resolution: "bson@npm:6.10.3"
  checksum: 10c0/15ad7a9b3bf8090add5fea1761b1ba7d75e5256efcfbb8c9ca448ca98e59c3b079c37c36c7aca0cc916236bd2d4684a5525c68f3d76da8a13d55dc230abbdd21
  languageName: node
  linkType: hard

"debug@npm:4.x":
  version: 4.4.0
  resolution: "debug@npm:4.4.0"
  dependencies:
    ms: "npm:^2.1.3"
  peerDependenciesMeta:
    supports-color:
      optional: true
  checksum: 10c0/db94f1a182bf886f57b4755f85b3a74c39b5114b9377b7ab375dc2cfa3454f09490cc6c30f829df3fc8042bc8b8995f6567ce5cd96f3bc3688bd24027197d9de
  languageName: node
  linkType: hard

"kareem@npm:2.6.3":
  version: 2.6.3
  resolution: "kareem@npm:2.6.3"
  checksum: 10c0/a5a3e2932cf54a300bf1a9936a2d1695f409066ce213ec3cd26bf788ac20d150edde21877a18b073efa219cab56f0192f710d87d95dde0829ff44666d9b15f76
  languageName: node
  linkType: hard

"memory-pager@npm:^1.0.2":
  version: 1.5.0
  resolution: "memory-pager@npm:1.5.0"
  checksum: 10c0/2596e80c99fee24f05bd8a20cde2ee899012c996f4ec361ac76ed6f009f34149d733ac6f76880106ccd6a66d062ad439357578d383d429df66ba1278f68806e9
  languageName: node
  linkType: hard

"mongodb-connection-string-url@npm:^3.0.0":
  version: 3.0.2
  resolution: "mongodb-connection-string-url@npm:3.0.2"
  dependencies:
    "@types/whatwg-url": "npm:^11.0.2"
    whatwg-url: "npm:^14.1.0 || ^13.0.0"
  checksum: 10c0/8b7ac99634f167dbe690e90fa10528e3ffc029faf2feabf36efb84299a04831130b3dba114dbe132f05a8a38022976904b625976996a4534bca4368e8fa5ba33
  languageName: node
  linkType: hard

"mongodb@npm:~6.15.0":
  version: 6.15.0
  resolution: "mongodb@npm:6.15.0"
  dependencies:
    "@mongodb-js/saslprep": "npm:^1.1.9"
    bson: "npm:^6.10.3"
    mongodb-connection-string-url: "npm:^3.0.0"
  peerDependencies:
    "@aws-sdk/credential-providers": ^3.188.0
    "@mongodb-js/zstd": ^1.1.0 || ^2.0.0
    gcp-metadata: ^5.2.0
    kerberos: ^2.0.1
    mongodb-client-encryption: ">=6.0.0 <7"
    snappy: ^7.2.2
    socks: ^2.7.1
  peerDependenciesMeta:
    "@aws-sdk/credential-providers":
      optional: true
    "@mongodb-js/zstd":
      optional: true
    gcp-metadata:
      optional: true
    kerberos:
      optional: true
    mongodb-client-encryption:
      optional: true
    snappy:
      optional: true
    socks:
      optional: true
  checksum: 10c0/e5038ef81982e9c06b4da727e97e36c363b27a710e41b8d1cba13142d08063bbb9d0a47832412a94facdacb51e85b368c2a685f4e9e218c12bc8f97fcdb84596
  languageName: node
  linkType: hard

"mongoose@npm:^8.13.2":
  version: 8.13.2
  resolution: "mongoose@npm:8.13.2"
  dependencies:
    bson: "npm:^6.10.3"
    kareem: "npm:2.6.3"
    mongodb: "npm:~6.15.0"
    mpath: "npm:0.9.0"
    mquery: "npm:5.0.0"
    ms: "npm:2.1.3"
    sift: "npm:17.1.3"
  checksum: 10c0/a454085fbc19147f7d886be10cbe6aa2b35d3ba4f4b09a144a7f71d2a66c7c6148cdfbbec9bb493806a78cf6b199c8ed934df916554e59183c6de3327816f751
  languageName: node
  linkType: hard

"mpath@npm:0.9.0":
  version: 0.9.0
  resolution: "mpath@npm:0.9.0"
  checksum: 10c0/ac1a77ebbd44567f122fb3026c9647836215d5bb75b54064d1f3d998125644fe7a775b89441b94d4d60f43ad9638a12d830a9e29f36116e93b8cdfd111816e8f
  languageName: node
  linkType: hard

"mquery@npm:5.0.0":
  version: 5.0.0
  resolution: "mquery@npm:5.0.0"
  dependencies:
    debug: "npm:4.x"
  checksum: 10c0/65b8a92d3b23d9bd1a3d149c3cbd09468e5e5b95d6cff73c1ed2d0a3dc8dce7daa538862ca2a477bf99bbb2197b049becb73d9664b0f7c3dd5472fcd5cb34bca
  languageName: node
  linkType: hard

"ms@npm:2.1.3, ms@npm:^2.1.3":
  version: 2.1.3
  resolution: "ms@npm:2.1.3"
  checksum: 10c0/d924b57e7312b3b63ad21fc5b3dc0af5e78d61a1fc7cfb5457edaf26326bf62be5307cc87ffb6862ef1c2b33b0233cdb5d4f01c4c958cc0d660948b65a287a48
  languageName: node
  linkType: hard

"prettier@npm:^3.5.3":
  version: 3.5.3
  resolution: "prettier@npm:3.5.3"
  bin:
    prettier: bin/prettier.cjs
  checksum: 10c0/3880cb90b9dc0635819ab52ff571518c35bd7f15a6e80a2054c05dbc8a3aa6e74f135519e91197de63705bcb38388ded7e7230e2178432a1468005406238b877
  languageName: node
  linkType: hard

"punycode@npm:^2.3.1":
  version: 2.3.1
  resolution: "punycode@npm:2.3.1"
  checksum: 10c0/14f76a8206bc3464f794fb2e3d3cc665ae416c01893ad7a02b23766eb07159144ee612ad67af5e84fa4479ccfe67678c4feb126b0485651b302babf66f04f9e9
  languageName: node
  linkType: hard

"sift@npm:17.1.3":
  version: 17.1.3
  resolution: "sift@npm:17.1.3"
  checksum: 10c0/bb05d1d65cc9b549b402c1366ba1fcf685311808b6d5c2f4fa2f477d7b524218bbf6c99587562d5613d407820a6b5a7cad809f89c3f75c513ff5d8c0e0a0cead
  languageName: node
  linkType: hard

"sparse-bitfield@npm:^3.0.3":
  version: 3.0.3
  resolution: "sparse-bitfield@npm:3.0.3"
  dependencies:
    memory-pager: "npm:^1.0.2"
  checksum: 10c0/248c6ff7b5e354735e1daac4059222a29c9d291dfcf265daf675d13515eeaac454cfcccd687c8d134f86698b39abd7ad4d7434f7272dd6f8e41a00f21aae4194
  languageName: node
  linkType: hard

"tr46@npm:^5.1.0":
  version: 5.1.0
  resolution: "tr46@npm:5.1.0"
  dependencies:
    punycode: "npm:^2.3.1"
  checksum: 10c0/d761f7144e0cb296187674ef245c74f761e334d7cf25ca73ef60e4c72c097c75051031c093fa1a2fee04b904977b316716a7915854bcae8fb1a371746513cbe8
  languageName: node
  linkType: hard

"typescript@npm:^5.8.2":
  version: 5.8.2
  resolution: "typescript@npm:5.8.2"
  bin:
    tsc: bin/tsc
    tsserver: bin/tsserver
  checksum: 10c0/5c4f6fbf1c6389b6928fe7b8fcd5dc73bb2d58cd4e3883f1d774ed5bd83b151cbac6b7ecf11723de56d4676daeba8713894b1e9af56174f2f9780ae7848ec3c6
  languageName: node
  linkType: hard

"typescript@patch:typescript@npm%3A^5.8.2#optional!builtin<compat/typescript>":
  version: 5.8.2
  resolution: "typescript@patch:typescript@npm%3A5.8.2#optional!builtin<compat/typescript>::version=5.8.2&hash=5786d5"
  bin:
    tsc: bin/tsc
    tsserver: bin/tsserver
  checksum: 10c0/5448a08e595cc558ab321e49d4cac64fb43d1fa106584f6ff9a8d8e592111b373a995a1d5c7f3046211c8a37201eb6d0f1566f15cdb7a62a5e3be01d087848e2
  languageName: node
  linkType: hard

"undici-types@npm:~6.20.0":
  version: 6.20.0
  resolution: "undici-types@npm:6.20.0"
  checksum: 10c0/68e659a98898d6a836a9a59e6adf14a5d799707f5ea629433e025ac90d239f75e408e2e5ff086afc3cace26f8b26ee52155293564593fbb4a2f666af57fc59bf
  languageName: node
  linkType: hard

"webidl-conversions@npm:^7.0.0":
  version: 7.0.0
  resolution: "webidl-conversions@npm:7.0.0"
  checksum: 10c0/228d8cb6d270c23b0720cb2d95c579202db3aaf8f633b4e9dd94ec2000a04e7e6e43b76a94509cdb30479bd00ae253ab2371a2da9f81446cc313f89a4213a2c4
  languageName: node
  linkType: hard

"whatwg-url@npm:^14.1.0 || ^13.0.0":
  version: 14.2.0
  resolution: "whatwg-url@npm:14.2.0"
  dependencies:
    tr46: "npm:^5.1.0"
    webidl-conversions: "npm:^7.0.0"
  checksum: 10c0/f746fc2f4c906607d09537de1227b13f9494c171141e5427ed7d2c0dd0b6a48b43d8e71abaae57d368d0c06b673fd8ec63550b32ad5ed64990c7b0266c2b4272
  languageName: node
  linkType: hard
